
Microsoft Visual Studio Solution File, Format Version 12.00
# Visual Studio Version 17
VisualStudioVersion = 17.10.35013.160
MinimumVisualStudioVersion = 10.0.40219.1
Project("{FAE04EC0-301F-11D3-BF4B-00C04F79EFBC}") = "Asp.Net-Framework-CRUD", "Asp.Net-Framework-CRUD.csproj", "{D2EA878D-4FF7-4588-B7CC-9CC6DBA14109}"
EndProject
Global
	GlobalSection(SolutionConfigurationPlatforms) = preSolution
		Debug|Any CPU = Debug|Any CPU
		Release|Any CPU = Release|Any CPU
	EndGlobalSection
	GlobalSection(ProjectConfigurationPlatforms) = postSolution
		{D2EA878D-4FF7-4588-B7CC-9CC6DBA14109}.Debug|Any CPU.ActiveCfg = Debug|Any CPU
		{D2EA878D-4FF7-4588-B7CC-9CC6DBA14109}.Debug|Any CPU.Build.0 = Debug|Any CPU
		{D2EA878D-4FF7-4588-B7CC-9CC6DBA14109}.Release|Any CPU.ActiveCfg = Release|Any CPU
		{D2EA878D-4FF7-4588-B7CC-9CC6DBA14109}.Release|Any CPU.Build.0 = Release|Any CPU
	EndGlobalSection
	GlobalSection(SolutionProperties) = preSolution
		HideSolutionNode = FALSE
	EndGlobalSection
	GlobalSection(ExtensibilityGlobals) = postSolution
		SolutionGuid = {1BA30AA0-DD62-4694-9507-F00E9E9E726F}
	EndGlobalSection
EndGlobal
